{
    "_readme": [
        "This file locks the dependencies of your project to a known state",
        "Read more about it at https://getcomposer.org/doc/01-basic-usage.md#installing-dependencies",
        "This file is @generated automatically"
    ],
    "content-hash": "cabfd1b3fe39fbd36685cbcdfc39744d",
    "packages": [
        {
            "name": "krokedil/support",
            "version": "dev-develop-logging",
            "source": {
                "type": "git",
                "url": "https://github.com/krokedil/support.git",
                "reference": "dcf45849fd9e1b79afac1670048bac57c529cc69"
            },
            "dist": {
                "type": "zip",
                "url": "https://api.github.com/repos/krokedil/support/zipball/dcf45849fd9e1b79afac1670048bac57c529cc69",
                "reference": "dcf45849fd9e1b79afac1670048bac57c529cc69",
                "shasum": ""
            },
            "require": {
                "php": "~7.4 || ~8.0"
            },
            "require-dev": {
                "php-stubs/woocommerce-stubs": "^8.1",
                "phpcompatibility/php-compatibility": "^9.3",
                "phpunit/phpunit": "^9.6",
                "wp-coding-standards/wpcs": "^3.0"
            },
            "type": "library",
            "autoload": {
                "psr-4": {
                    "Krokedil\\Support\\": "src/"
                }
            },
            "scripts": {
                "phpcs": [
                    "phpcs --extensions=php -s -p"
                ],
                "phpcbf": [
                    "phpcbf -p"
                ],
                "phpunit": [
                    "phpunit --configuration phpunit.xml"
                ]
            },
            "license": [
                "GPL-3.0-or-later"
            ],
            "authors": [
                {
                    "name": "Krokedil AB",
                    "email": "info@krokedil.se"
                }
            ],
            "description": "The support library allows you to extend your plugin with features that will help you troubleshooting support related issues.",
            "support": {
                "source": "https://github.com/krokedil/support/tree/develop-logging",
                "issues": "https://github.com/krokedil/support/issues"
            },
            "time": "2025-02-12T01:24:28+00:00"
        },
        {
            "name": "krokedil/woocommerce",
            "version": "1.8.0",
            "source": {
                "type": "git",
                "url": "https://github.com/krokedil/woocommerce.git",
                "reference": "bba7b6132b25e4e547aa82246b4d28fc8ebfd8c5"
            },
            "dist": {
                "type": "zip",
                "url": "https://api.github.com/repos/krokedil/woocommerce/zipball/bba7b6132b25e4e547aa82246b4d28fc8ebfd8c5",
                "reference": "bba7b6132b25e4e547aa82246b4d28fc8ebfd8c5",
                "shasum": ""
            },
            "require-dev": {
                "10up/wp_mock": "^1.0",
                "php": "~7.4 || ~8.0",
                "php-stubs/woocommerce-stubs": "^7.2",
                "php-stubs/wordpress-stubs": "^6.1"
            },
            "type": "library",
            "autoload": {
                "psr-4": {
                    "Krokedil\\WooCommerce\\": "src/"
                }
            },
            "autoload-dev": {
                "psr-4": {
                    "Krokedil\\WooCommerce\\Tests\\": "tests/"
                }
            },
            "license": [
                "GPL-V2"
            ],
            "authors": [
                {
                    "name": "Krokedil AB",
                    "email": "info@krokedil.se"
                }
            ],
            "description": "A library package for Krokedils plugins that contains helper methods when working with WooCommerce.",
            "support": {
                "source": "https://github.com/krokedil/woocommerce/tree/1.8.0",
                "issues": "https://github.com/krokedil/woocommerce/issues"
            },
            "time": "2025-02-05T14:02:57+00:00"
        }
    ],
    "packages-dev": [],
    "aliases": [],
    "minimum-stability": "dev",
    "stability-flags": {
        "krokedil/support": 20
    },
    "prefer-stable": true,
    "prefer-lowest": false,
    "platform": {
        "php": ">=7.4"
    },
    "platform-dev": {},
    "platform-overrides": {
        "php": "7.4"
    },
    "plugin-api-version": "2.6.0"
}
